
Microsoft Visual Studio Solution File, Format Version 10.00
# Visual Studio 2008
Project("{8BC9CEB8-8B4A-11D0-8D11-00A0C91BC942}") = "4ha6EW2cru.Applicaton", "4ha6EW2cru.Application\4ha6EW2cru.Application.vcproj", "{AD4BF66A-BD18-4E12-AE35-2025E5190266}"
EndProject
Project("{8BC9CEB8-8B4A-11D0-8D11-00A0C91BC942}") = "4ha6EW2cru.Library", "4ha6EW2cru.Library\4ha6EW2cru.Library.vcproj", "{399D7AEA-884F-4884-B655-AED35E934A07}"
EndProject
Project("{8BC9CEB8-8B4A-11D0-8D11-00A0C91BC942}") = "4ha6EW2cru.Tests", "4ha6EW2cru.Tests\4ha6EW2cru.Tests.vcproj", "{A34EEED2-C572-46C6-8FAB-CFA9DEAA058A}"
EndProject
Project("{8BC9CEB8-8B4A-11D0-8D11-00A0C91BC942}") = "4ha6EW2cru.Network", "4ha6EW2cru.Network\4ha6EW2cru.Network.vcproj", "{85449B0E-74BD-41FF-8921-4DD42AF837EF}"
EndProject
Project("{8BC9CEB8-8B4A-11D0-8D11-00A0C91BC942}") = "4ha6EW2cru.Game", "4ha6EW2cru.Game\4ha6EW2cru.Game.vcproj", "{0930D1E7-1AB1-4067-85CF-90D360C498E3}"
EndProject
Project("{8BC9CEB8-8B4A-11D0-8D11-00A0C91BC942}") = "4ha6EW2cru.AI", "4ha6EW2cru.AI\4ha6EW2cru.AI.vcproj", "{402389EC-49BE-4A7B-A8C0-6593C8E0E1D2}"
EndProject
Project("{8BC9CEB8-8B4A-11D0-8D11-00A0C91BC942}") = "4ha6EW2cru.Animation", "4ha6EW2cru.Animation\4ha6EW2cru.Animation.vcproj", "{A88E1A6E-729F-451D-AD46-66C764A8EE9E}"
EndProject
Project("{8BC9CEB8-8B4A-11D0-8D11-00A0C91BC942}") = "4ha6EW2cru.Geometry", "4ha6EW2cru.Geometry\4ha6EW2cru.Geometry.vcproj", "{643FD76F-1A19-4168-B813-3B876F8AC900}"
EndProject
Project("{8BC9CEB8-8B4A-11D0-8D11-00A0C91BC942}") = "4ha6EW2cru.Input", "4ha6EW2cru.Input\4ha6EW2cru.Input.vcproj", "{CCBB2111-A4ED-48DF-9321-E022C519E38A}"
EndProject
Project("{8BC9CEB8-8B4A-11D0-8D11-00A0C91BC942}") = "4ha6EW2cru.Physics", "4ha6EW2cru.Physics\4ha6EW2cru.Physics.vcproj", "{537F634D-AF1C-48EE-9D18-EE69B61C3F24}"
EndProject
Project("{8BC9CEB8-8B4A-11D0-8D11-00A0C91BC942}") = "4ha6EW2cru.Renderer", "4ha6EW2cru.Renderer\4ha6EW2cru.Renderer.vcproj", "{29BDC832-1CA6-43C0-B0D1-2908EFBB057B}"
EndProject
Project("{8BC9CEB8-8B4A-11D0-8D11-00A0C91BC942}") = "4ha6EW2cru.Script", "4ha6EW2cru.Script\4ha6EW2cru.Script.vcproj", "{4C8A052A-E490-46DC-90AC-B70605128E5C}"
EndProject
Project("{8BC9CEB8-8B4A-11D0-8D11-00A0C91BC942}") = "4ha6EW2cru.Sound", "4ha6EW2cru.Sound\4ha6EW2cru.Sound.vcproj", "{829F3961-5773-40CB-839F-211B75C81D39}"
EndProject
Project("{8BC9CEB8-8B4A-11D0-8D11-00A0C91BC942}") = "4ha6EW2cru.UX", "4ha6EW2cru.UX\4ha6EW2cru.UX.vcproj", "{BDC25B19-F2FC-4F40-8395-8BC7AB10B326}"
EndProject
Project("{8BC9CEB8-8B4A-11D0-8D11-00A0C91BC942}") = "4ha6EW2cru.System", "4ha6EW2cru.System\4ha6EW2cru.System.vcproj", "{58D6A894-4481-4A63-9958-49AE9B3A83D3}"
EndProject
Project("{2150E333-8FDC-42A3-9474-1A3956D46DE8}") = "Code", "Code", "{19295AF3-88BF-4930-86BB-314EDC089C42}"
EndProject
Project("{2150E333-8FDC-42A3-9474-1A3956D46DE8}") = "Tests", "Tests", "{A7385DE3-6B7E-4609-A23E-F5A602814A3A}"
EndProject
Project("{2150E333-8FDC-42A3-9474-1A3956D46DE8}") = "Executables", "Executables", "{C695EEDE-9670-4060-9842-EB7C9ED941D4}"
EndProject
Project("{8BC9CEB8-8B4A-11D0-8D11-00A0C91BC942}") = "4ha6EW2cru.Server", "4ha6EW2cru.Server\4ha6EW2cru.Server.vcproj", "{BF3A68E1-688B-4E37-B6A1-0C12698A4EBE}"
EndProject
Global
	GlobalSection(SolutionConfigurationPlatforms) = preSolution
		Debug|Win32 = Debug|Win32
		Release|Win32 = Release|Win32
	EndGlobalSection
	GlobalSection(ProjectConfigurationPlatforms) = postSolution
		{AD4BF66A-BD18-4E12-AE35-2025E5190266}.Debug|Win32.ActiveCfg = Debug|Win32
		{AD4BF66A-BD18-4E12-AE35-2025E5190266}.Debug|Win32.Build.0 = Debug|Win32
		{AD4BF66A-BD18-4E12-AE35-2025E5190266}.Release|Win32.ActiveCfg = Release|Win32
		{AD4BF66A-BD18-4E12-AE35-2025E5190266}.Release|Win32.Build.0 = Release|Win32
		{399D7AEA-884F-4884-B655-AED35E934A07}.Debug|Win32.ActiveCfg = Debug|Win32
		{399D7AEA-884F-4884-B655-AED35E934A07}.Debug|Win32.Build.0 = Debug|Win32
		{399D7AEA-884F-4884-B655-AED35E934A07}.Release|Win32.ActiveCfg = Release|Win32
		{399D7AEA-884F-4884-B655-AED35E934A07}.Release|Win32.Build.0 = Release|Win32
		{A34EEED2-C572-46C6-8FAB-CFA9DEAA058A}.Debug|Win32.ActiveCfg = Debug|Win32
		{A34EEED2-C572-46C6-8FAB-CFA9DEAA058A}.Debug|Win32.Build.0 = Debug|Win32
		{A34EEED2-C572-46C6-8FAB-CFA9DEAA058A}.Release|Win32.ActiveCfg = Release|Win32
		{A34EEED2-C572-46C6-8FAB-CFA9DEAA058A}.Release|Win32.Build.0 = Release|Win32
		{85449B0E-74BD-41FF-8921-4DD42AF837EF}.Debug|Win32.ActiveCfg = Debug|Win32
		{85449B0E-74BD-41FF-8921-4DD42AF837EF}.Debug|Win32.Build.0 = Debug|Win32
		{85449B0E-74BD-41FF-8921-4DD42AF837EF}.Release|Win32.ActiveCfg = Release|Win32
		{85449B0E-74BD-41FF-8921-4DD42AF837EF}.Release|Win32.Build.0 = Release|Win32
		{0930D1E7-1AB1-4067-85CF-90D360C498E3}.Debug|Win32.ActiveCfg = Debug|Win32
		{0930D1E7-1AB1-4067-85CF-90D360C498E3}.Debug|Win32.Build.0 = Debug|Win32
		{0930D1E7-1AB1-4067-85CF-90D360C498E3}.Release|Win32.ActiveCfg = Release|Win32
		{0930D1E7-1AB1-4067-85CF-90D360C498E3}.Release|Win32.Build.0 = Release|Win32
		{402389EC-49BE-4A7B-A8C0-6593C8E0E1D2}.Debug|Win32.ActiveCfg = Debug|Win32
		{402389EC-49BE-4A7B-A8C0-6593C8E0E1D2}.Debug|Win32.Build.0 = Debug|Win32
		{402389EC-49BE-4A7B-A8C0-6593C8E0E1D2}.Release|Win32.ActiveCfg = Release|Win32
		{402389EC-49BE-4A7B-A8C0-6593C8E0E1D2}.Release|Win32.Build.0 = Release|Win32
		{A88E1A6E-729F-451D-AD46-66C764A8EE9E}.Debug|Win32.ActiveCfg = Debug|Win32
		{A88E1A6E-729F-451D-AD46-66C764A8EE9E}.Debug|Win32.Build.0 = Debug|Win32
		{A88E1A6E-729F-451D-AD46-66C764A8EE9E}.Release|Win32.ActiveCfg = Release|Win32
		{A88E1A6E-729F-451D-AD46-66C764A8EE9E}.Release|Win32.Build.0 = Release|Win32
		{643FD76F-1A19-4168-B813-3B876F8AC900}.Debug|Win32.ActiveCfg = Debug|Win32
		{643FD76F-1A19-4168-B813-3B876F8AC900}.Debug|Win32.Build.0 = Debug|Win32
		{643FD76F-1A19-4168-B813-3B876F8AC900}.Release|Win32.ActiveCfg = Release|Win32
		{643FD76F-1A19-4168-B813-3B876F8AC900}.Release|Win32.Build.0 = Release|Win32
		{CCBB2111-A4ED-48DF-9321-E022C519E38A}.Debug|Win32.ActiveCfg = Debug|Win32
		{CCBB2111-A4ED-48DF-9321-E022C519E38A}.Debug|Win32.Build.0 = Debug|Win32
		{CCBB2111-A4ED-48DF-9321-E022C519E38A}.Release|Win32.ActiveCfg = Release|Win32
		{CCBB2111-A4ED-48DF-9321-E022C519E38A}.Release|Win32.Build.0 = Release|Win32
		{537F634D-AF1C-48EE-9D18-EE69B61C3F24}.Debug|Win32.ActiveCfg = Debug|Win32
		{537F634D-AF1C-48EE-9D18-EE69B61C3F24}.Debug|Win32.Build.0 = Debug|Win32
		{537F634D-AF1C-48EE-9D18-EE69B61C3F24}.Release|Win32.ActiveCfg = Release|Win32
		{537F634D-AF1C-48EE-9D18-EE69B61C3F24}.Release|Win32.Build.0 = Release|Win32
		{29BDC832-1CA6-43C0-B0D1-2908EFBB057B}.Debug|Win32.ActiveCfg = Debug|Win32
		{29BDC832-1CA6-43C0-B0D1-2908EFBB057B}.Debug|Win32.Build.0 = Debug|Win32
		{29BDC832-1CA6-43C0-B0D1-2908EFBB057B}.Release|Win32.ActiveCfg = Release|Win32
		{29BDC832-1CA6-43C0-B0D1-2908EFBB057B}.Release|Win32.Build.0 = Release|Win32
		{4C8A052A-E490-46DC-90AC-B70605128E5C}.Debug|Win32.ActiveCfg = Debug|Win32
		{4C8A052A-E490-46DC-90AC-B70605128E5C}.Debug|Win32.Build.0 = Debug|Win32
		{4C8A052A-E490-46DC-90AC-B70605128E5C}.Release|Win32.ActiveCfg = Release|Win32
		{4C8A052A-E490-46DC-90AC-B70605128E5C}.Release|Win32.Build.0 = Release|Win32
		{829F3961-5773-40CB-839F-211B75C81D39}.Debug|Win32.ActiveCfg = Debug|Win32
		{829F3961-5773-40CB-839F-211B75C81D39}.Debug|Win32.Build.0 = Debug|Win32
		{829F3961-5773-40CB-839F-211B75C81D39}.Release|Win32.ActiveCfg = Release|Win32
		{829F3961-5773-40CB-839F-211B75C81D39}.Release|Win32.Build.0 = Release|Win32
		{BDC25B19-F2FC-4F40-8395-8BC7AB10B326}.Debug|Win32.ActiveCfg = Debug|Win32
		{BDC25B19-F2FC-4F40-8395-8BC7AB10B326}.Debug|Win32.Build.0 = Debug|Win32
		{BDC25B19-F2FC-4F40-8395-8BC7AB10B326}.Release|Win32.ActiveCfg = Release|Win32
		{BDC25B19-F2FC-4F40-8395-8BC7AB10B326}.Release|Win32.Build.0 = Release|Win32
		{58D6A894-4481-4A63-9958-49AE9B3A83D3}.Debug|Win32.ActiveCfg = Debug|Win32
		{58D6A894-4481-4A63-9958-49AE9B3A83D3}.Debug|Win32.Build.0 = Debug|Win32
		{58D6A894-4481-4A63-9958-49AE9B3A83D3}.Release|Win32.ActiveCfg = Release|Win32
		{58D6A894-4481-4A63-9958-49AE9B3A83D3}.Release|Win32.Build.0 = Release|Win32
		{BF3A68E1-688B-4E37-B6A1-0C12698A4EBE}.Debug|Win32.ActiveCfg = Debug|Win32
		{BF3A68E1-688B-4E37-B6A1-0C12698A4EBE}.Debug|Win32.Build.0 = Debug|Win32
		{BF3A68E1-688B-4E37-B6A1-0C12698A4EBE}.Release|Win32.ActiveCfg = Release|Win32
		{BF3A68E1-688B-4E37-B6A1-0C12698A4EBE}.Release|Win32.Build.0 = Release|Win32
	EndGlobalSection
	GlobalSection(SolutionProperties) = preSolution
		HideSolutionNode = FALSE
	EndGlobalSection
	GlobalSection(NestedProjects) = preSolution
		{402389EC-49BE-4A7B-A8C0-6593C8E0E1D2} = {19295AF3-88BF-4930-86BB-314EDC089C42}
		{BDC25B19-F2FC-4F40-8395-8BC7AB10B326} = {19295AF3-88BF-4930-86BB-314EDC089C42}
		{A88E1A6E-729F-451D-AD46-66C764A8EE9E} = {19295AF3-88BF-4930-86BB-314EDC089C42}
		{0930D1E7-1AB1-4067-85CF-90D360C498E3} = {19295AF3-88BF-4930-86BB-314EDC089C42}
		{643FD76F-1A19-4168-B813-3B876F8AC900} = {19295AF3-88BF-4930-86BB-314EDC089C42}
		{CCBB2111-A4ED-48DF-9321-E022C519E38A} = {19295AF3-88BF-4930-86BB-314EDC089C42}
		{85449B0E-74BD-41FF-8921-4DD42AF837EF} = {19295AF3-88BF-4930-86BB-314EDC089C42}
		{537F634D-AF1C-48EE-9D18-EE69B61C3F24} = {19295AF3-88BF-4930-86BB-314EDC089C42}
		{29BDC832-1CA6-43C0-B0D1-2908EFBB057B} = {19295AF3-88BF-4930-86BB-314EDC089C42}
		{4C8A052A-E490-46DC-90AC-B70605128E5C} = {19295AF3-88BF-4930-86BB-314EDC089C42}
		{829F3961-5773-40CB-839F-211B75C81D39} = {19295AF3-88BF-4930-86BB-314EDC089C42}
		{58D6A894-4481-4A63-9958-49AE9B3A83D3} = {19295AF3-88BF-4930-86BB-314EDC089C42}
		{A34EEED2-C572-46C6-8FAB-CFA9DEAA058A} = {A7385DE3-6B7E-4609-A23E-F5A602814A3A}
		{AD4BF66A-BD18-4E12-AE35-2025E5190266} = {C695EEDE-9670-4060-9842-EB7C9ED941D4}
		{BF3A68E1-688B-4E37-B6A1-0C12698A4EBE} = {C695EEDE-9670-4060-9842-EB7C9ED941D4}
	EndGlobalSection
EndGlobal
